
Microsoft Visual Studio Solution File, Format Version 12.00
# Visual Studio Version 17
VisualStudioVersion = 17.5.002.0
MinimumVisualStudioVersion = 10.0.40219.1
Project("{9A19103F-16F7-4668-BE54-9A1E7A4F7556}") = "ToDoAPI", "ToDoAPI\ToDoAPI.csproj", "{ECDF545B-96D9-48CC-B8D9-78949F018D01}"
EndProject
Global
	GlobalSection(SolutionConfigurationPlatforms) = preSolution
		Debug|Any CPU = Debug|Any CPU
		Release|Any CPU = Release|Any CPU
	EndGlobalSection
	GlobalSection(ProjectConfigurationPlatforms) = postSolution
		{ECDF545B-96D9-48CC-B8D9-78949F018D01}.Debug|Any CPU.ActiveCfg = Debug|Any CPU
		{ECDF545B-96D9-48CC-B8D9-78949F018D01}.Debug|Any CPU.Build.0 = Debug|Any CPU
		{ECDF545B-96D9-48CC-B8D9-78949F018D01}.Release|Any CPU.ActiveCfg = Release|Any CPU
		{ECDF545B-96D9-48CC-B8D9-78949F018D01}.Release|Any CPU.Build.0 = Release|Any CPU
	EndGlobalSection
	GlobalSection(SolutionProperties) = preSolution
		HideSolutionNode = FALSE
	EndGlobalSection
	GlobalSection(ExtensibilityGlobals) = postSolution
		SolutionGuid = {1F78D2D7-FB03-4E84-95D5-5C5645CD7309}
	EndGlobalSection
EndGlobal
